
Microsoft Visual Studio Solution File, Format Version 12.00
# Visual Studio Version 17
VisualStudioVersion = 17.0.31903.59
MinimumVisualStudioVersion = 10.0.40219.1
Project("{FAE04EC0-301F-11D3-BF4B-00C04F79EFBC}") = "Askyl.Dsm.WebHosting.Ui", "Askyl.Dsm.WebHosting.Ui\Askyl.Dsm.WebHosting.Ui.csproj", "{03170C10-E4D4-4F5E-9C18-1EF7F1B17A4E}"
EndProject
Project("{FAE04EC0-301F-11D3-BF4B-00C04F79EFBC}") = "Askyl.Dsm.WebHosting.Tools", "Askyl.Dsm.WebHosting.Tools\Askyl.Dsm.WebHosting.Tools.csproj", "{1F0E9B1A-55D4-4377-895A-64B84937067D}"
EndProject
Project("{FAE04EC0-301F-11D3-BF4B-00C04F79EFBC}") = "Askyl.Dsm.WebHosting.Constants", "Askyl.Dsm.WebHosting.Constants\Askyl.Dsm.WebHosting.Constants.csproj", "{1D4BC7D5-F18F-4122-8928-43B2C54208B6}"
EndProject
Project("{FAE04EC0-301F-11D3-BF4B-00C04F79EFBC}") = "Askyl.Dsm.WebHosting.Data", "Askyl.Dsm.WebHosting.Data\Askyl.Dsm.WebHosting.Data.csproj", "{03FD3DD8-BBCA-4DB4-8351-14389F36AAAC}"
EndProject
Project("{FAE04EC0-301F-11D3-BF4B-00C04F79EFBC}") = "Askyl.Dsm.WebHosting.Benchmarks", "Askyl.Dsm.WebHosting.Benchmarks\Askyl.Dsm.WebHosting.Benchmarks.csproj", "{6ADB518B-95D8-4DDF-ADCD-DF5F77FD73FD}"
EndProject
Project("{FAE04EC0-301F-11D3-BF4B-00C04F79EFBC}") = "Askyl.Dsm.WebHosting.Server", "Askyl.Dsm.WebHosting.Server\Askyl.Dsm.WebHosting.Server.csproj", "{C864E765-127F-48BA-A1E2-A99604114D46}"
EndProject
Global
	GlobalSection(SolutionConfigurationPlatforms) = preSolution
		Debug|Any CPU = Debug|Any CPU
		Release|Any CPU = Release|Any CPU
	EndGlobalSection
	GlobalSection(ProjectConfigurationPlatforms) = postSolution
		{03170C10-E4D4-4F5E-9C18-1EF7F1B17A4E}.Debug|Any CPU.ActiveCfg = Debug|Any CPU
		{03170C10-E4D4-4F5E-9C18-1EF7F1B17A4E}.Debug|Any CPU.Build.0 = Debug|Any CPU
		{03170C10-E4D4-4F5E-9C18-1EF7F1B17A4E}.Release|Any CPU.ActiveCfg = Release|Any CPU
		{03170C10-E4D4-4F5E-9C18-1EF7F1B17A4E}.Release|Any CPU.Build.0 = Release|Any CPU
		{1F0E9B1A-55D4-4377-895A-64B84937067D}.Debug|Any CPU.ActiveCfg = Debug|Any CPU
		{1F0E9B1A-55D4-4377-895A-64B84937067D}.Debug|Any CPU.Build.0 = Debug|Any CPU
		{1F0E9B1A-55D4-4377-895A-64B84937067D}.Release|Any CPU.ActiveCfg = Release|Any CPU
		{1F0E9B1A-55D4-4377-895A-64B84937067D}.Release|Any CPU.Build.0 = Release|Any CPU
		{1D4BC7D5-F18F-4122-8928-43B2C54208B6}.Debug|Any CPU.ActiveCfg = Debug|Any CPU
		{1D4BC7D5-F18F-4122-8928-43B2C54208B6}.Debug|Any CPU.Build.0 = Debug|Any CPU
		{1D4BC7D5-F18F-4122-8928-43B2C54208B6}.Release|Any CPU.ActiveCfg = Release|Any CPU
		{1D4BC7D5-F18F-4122-8928-43B2C54208B6}.Release|Any CPU.Build.0 = Release|Any CPU
		{03FD3DD8-BBCA-4DB4-8351-14389F36AAAC}.Debug|Any CPU.ActiveCfg = Debug|Any CPU
		{03FD3DD8-BBCA-4DB4-8351-14389F36AAAC}.Debug|Any CPU.Build.0 = Debug|Any CPU
		{03FD3DD8-BBCA-4DB4-8351-14389F36AAAC}.Release|Any CPU.ActiveCfg = Release|Any CPU
		{03FD3DD8-BBCA-4DB4-8351-14389F36AAAC}.Release|Any CPU.Build.0 = Release|Any CPU
		{6ADB518B-95D8-4DDF-ADCD-DF5F77FD73FD}.Debug|Any CPU.ActiveCfg = Debug|Any CPU
		{6ADB518B-95D8-4DDF-ADCD-DF5F77FD73FD}.Debug|Any CPU.Build.0 = Debug|Any CPU
		{6ADB518B-95D8-4DDF-ADCD-DF5F77FD73FD}.Release|Any CPU.ActiveCfg = Release|Any CPU
		{6ADB518B-95D8-4DDF-ADCD-DF5F77FD73FD}.Release|Any CPU.Build.0 = Release|Any CPU
		{C864E765-127F-48BA-A1E2-A99604114D46}.Debug|Any CPU.ActiveCfg = Debug|Any CPU
		{C864E765-127F-48BA-A1E2-A99604114D46}.Debug|Any CPU.Build.0 = Debug|Any CPU
		{C864E765-127F-48BA-A1E2-A99604114D46}.Release|Any CPU.ActiveCfg = Release|Any CPU
		{C864E765-127F-48BA-A1E2-A99604114D46}.Release|Any CPU.Build.0 = Release|Any CPU
	EndGlobalSection
	GlobalSection(SolutionProperties) = preSolution
		HideSolutionNode = FALSE
	EndGlobalSection
EndGlobal
